<?xml version="1.0" encoding="utf-8"?>
<Project ToolsVersion="4.0" xmlns="http://schemas.microsoft.com/developer/msbuild/2003">
  <ItemGroup>
    <Filter Include="Source Files">
      <UniqueIdentifier>{4FC737F1-C7A5-4376-A066-2A32D752A2FF}</UniqueIdentifier>
      <Extensions>cpp;c;cc;cxx;def;odl;idl;hpj;bat;asm;asmx</Extensions>
    </Filter>
    <Filter Include="Header Files">
      <UniqueIdentifier>{93995380-89BD-4b04-88EB-625FBE52EBFB}</UniqueIdentifier>
      <Extensions>h;hh;hpp;hxx;hm;inl;inc;xsd</Extensions>
    </Filter>
    <Filter Include="Resource Files">
      <UniqueIdentifier>{67DA6AB6-F800-4c08-8B7A-83BB121AAD01}</UniqueIdentifier>
      <Extensions>rc;ico;cur;bmp;dlg;rc2;rct;bin;rgs;gif;jpg;jpeg;jpe;resx;tiff;tif;png;wav;mfcribbon-ms</Extensions>
    </Filter>
    <Filter Include="Resource Files\Vertex">
      <UniqueIdentifier>{1db64c69-4faa-40e8-9efc-2bfa90032dc3}</UniqueIdentifier>
    </Filter>
    <Filter Include="Resource Files\Fragment">
      <UniqueIdentifier>{d077d11f-37ff-422f-a918-1f3fde87a501}</UniqueIdentifier>
    </Filter>
    <Filter Include="Resource Files\Geometry">
      <UniqueIdentifier>{fdaae46b-f8c4-44cd-95e0-0511fb817e5d}</UniqueIdentifier>
    </Filter>
  </ItemGroup>
  <ItemGroup>
    <ClCompile Include="main.cpp">
      <Filter>Source Files</Filter>
    </ClCompile>
    <ClCompile Include="MainGame.cpp">
      <Filter>Source Files</Filter>
    </ClCompile>
    <ClCompile Include="Display.cpp">
      <Filter>Source Files</Filter>
    </ClCompile>
    <ClCompile Include="Mesh.cpp">
      <Filter>Source Files</Filter>
    </ClCompile>
    <ClCompile Include="Shader.cpp">
      <Filter>Source Files</Filter>
    </ClCompile>
    <ClCompile Include="stb_image.c">
      <Filter>Source Files</Filter>
    </ClCompile>
    <ClCompile Include="Texture.cpp">
      <Filter>Source Files</Filter>
    </ClCompile>
    <ClCompile Include="obj_loader.cpp">
      <Filter>Source Files</Filter>
    </ClCompile>
    <ClCompile Include="Skybox.cpp">
      <Filter>Source Files</Filter>
    </ClCompile>
    <ClCompile Include="FrameBufferObject.cpp">
      <Filter>Source Files</Filter>
    </ClCompile>
    <ClCompile Include="GameObject.cpp">
      <Filter>Source Files</Filter>
    </ClCompile>
    <ClCompile Include="PerlinNoiseGenerator.cpp">
      <Filter>Source Files</Filter>
    </ClCompile>
    <ClCompile Include="BaseUserInterfaceElement.cpp">
      <Filter>Source Files</Filter>
    </ClCompile>
    <ClCompile Include="Button.cpp">
      <Filter>Source Files</Filter>
    </ClCompile>
    <ClCompile Include="UIButton.cpp">
      <Filter>Source Files</Filter>
    </ClCompile>
    <ClCompile Include="UISlider.cpp">
      <Filter>Source Files</Filter>
    </ClCompile>
  </ItemGroup>
  <ItemGroup>
    <ClInclude Include="MainGame.h">
      <Filter>Header Files</Filter>
    </ClInclude>
    <ClInclude Include="Display.h">
      <Filter>Header Files</Filter>
    </ClInclude>
    <ClInclude Include="Mesh.h">
      <Filter>Header Files</Filter>
    </ClInclude>
    <ClInclude Include="Shader.h">
      <Filter>Header Files</Filter>
    </ClInclude>
    <ClInclude Include="stb_image.h">
      <Filter>Header Files</Filter>
    </ClInclude>
    <ClInclude Include="Texture.h">
      <Filter>Header Files</Filter>
    </ClInclude>
    <ClInclude Include="transform.h">
      <Filter>Header Files</Filter>
    </ClInclude>
    <ClInclude Include="Camera.h">
      <Filter>Header Files</Filter>
    </ClInclude>
    <ClInclude Include="obj_loader.h">
      <Filter>Header Files</Filter>
    </ClInclude>
    <ClInclude Include="Skybox.h">
      <Filter>Header Files</Filter>
    </ClInclude>
    <ClInclude Include="FrameBufferObject.h">
      <Filter>Header Files</Filter>
    </ClInclude>
    <ClInclude Include="GameObject.h">
      <Filter>Header Files</Filter>
    </ClInclude>
    <ClInclude Include="PerlinNoiseGenerator.h">
      <Filter>Header Files</Filter>
    </ClInclude>
    <ClInclude Include="BaseUserInterfaceElement.h">
      <Filter>Header Files</Filter>
    </ClInclude>
    <ClInclude Include="UIButton.h">
      <Filter>Header Files</Filter>
    </ClInclude>
    <ClInclude Include="DEFINITIONS.h">
      <Filter>Header Files</Filter>
    </ClInclude>
    <ClInclude Include="UISlider.h">
      <Filter>Header Files</Filter>
    </ClInclude>
    <ClInclude Include="stb_truetype.h">
      <Filter>Header Files</Filter>
    </ClInclude>
  </ItemGroup>
  <ItemGroup>
    <None Include="..\res\ADS.frag">
      <Filter>Resource Files\Fragment</Filter>
    </None>
    <None Include="..\res\eMapping.frag">
      <Filter>Resource Files\Fragment</Filter>
    </None>
    <None Include="..\res\FBOShader.frag">
      <Filter>Resource Files\Fragment</Filter>
    </None>
    <None Include="..\res\inversionShader.frag">
      <Filter>Resource Files\Fragment</Filter>
    </None>
    <None Include="..\res\shader.frag">
      <Filter>Resource Files\Fragment</Filter>
    </None>
    <None Include="..\res\shaderGeoText.frag">
      <Filter>Resource Files\Fragment</Filter>
    </None>
    <None Include="..\res\shaderSkybox.frag">
      <Filter>Resource Files\Fragment</Filter>
    </None>
    <None Include="..\res\ADS.vert">
      <Filter>Resource Files\Vertex</Filter>
    </None>
    <None Include="..\res\eMapping.vert">
      <Filter>Resource Files\Vertex</Filter>
    </None>
    <None Include="..\res\FBOShader.vert">
      <Filter>Resource Files\Vertex</Filter>
    </None>
    <None Include="..\res\inversionShader.vert">
      <Filter>Resource Files\Vertex</Filter>
    </None>
    <None Include="..\res\shader.vert">
      <Filter>Resource Files\Vertex</Filter>
    </None>
    <None Include="..\res\shaderGeoText.vert">
      <Filter>Resource Files\Vertex</Filter>
    </None>
    <None Include="..\res\shaderSkybox.vert">
      <Filter>Resource Files\Vertex</Filter>
    </None>
    <None Include="..\res\shaderGeoText.geom">
      <Filter>Resource Files\Geometry</Filter>
    </None>
    <None Include="..\res\grayScaleShader.frag">
      <Filter>Resource Files\Fragment</Filter>
    </None>
    <None Include="..\res\grayScaleShader.vert">
      <Filter>Resource Files\Vertex</Filter>
    </None>
    <None Include="..\res\edgeDetectionShader.vert">
      <Filter>Resource Files\Vertex</Filter>
    </None>
    <None Include="..\res\edgeDetectionShader.frag">
      <Filter>Resource Files\Fragment</Filter>
    </None>
    <None Include="..\res\Glow.vert">
      <Filter>Resource Files\Vertex</Filter>
    </None>
    <None Include="..\res\Glow.frag">
      <Filter>Resource Files\Fragment</Filter>
    </None>
    <None Include="..\res\noise.frag">
      <Filter>Resource Files\Fragment</Filter>
    </None>
    <None Include="..\res\noise.vert">
      <Filter>Resource Files\Vertex</Filter>
    </None>
    <None Include="..\res\perlinNoiseShader.frag">
      <Filter>Resource Files\Fragment</Filter>
    </None>
    <None Include="..\res\perlinNoiseShader.vert">
      <Filter>Resource Files\Vertex</Filter>
    </None>
    <None Include="..\res\heightMap.frag">
      <Filter>Resource Files\Fragment</Filter>
    </None>
    <None Include="..\res\heightMap.vert">
      <Filter>Resource Files\Vertex</Filter>
    </None>
  </ItemGroup>
  <ItemGroup>
    <Object Include="..\res\monkey3.obj">
      <Filter>Resource Files</Filter>
    </Object>
  </ItemGroup>
  <ItemGroup>
    <Image Include="GeneratedPerlinNoise.png">
      <Filter>Resource Files</Filter>
    </Image>
  </ItemGroup>
</Project>